
Microsoft Visual Studio Solution File, Format Version 12.00
# Visual Studio 15
VisualStudioVersion = 15.0.27703.2042
MinimumVisualStudioVersion = 10.0.40219.1
Project("{9A19103F-16F7-4668-BE54-9A1E7A4F7556}") = "rAPICore", "rAPICore\rAPICore.csproj", "{8FB4D776-23AA-4A51-BBFF-89B0BA297607}"
EndProject
Project("{FAE04EC0-301F-11D3-BF4B-00C04F79EFBC}") = "rAPICoreTest", "rAPICoreTest\rAPICoreTest.csproj", "{DD15E55C-CA04-445E-A58E-856EADCCB7B9}"
EndProject
Global
	GlobalSection(SolutionConfigurationPlatforms) = preSolution
		Debug|Any CPU = Debug|Any CPU
		Release|Any CPU = Release|Any CPU
	EndGlobalSection
	GlobalSection(ProjectConfigurationPlatforms) = postSolution
		{8FB4D776-23AA-4A51-BBFF-89B0BA297607}.Debug|Any CPU.ActiveCfg = Debug|Any CPU
		{8FB4D776-23AA-4A51-BBFF-89B0BA297607}.Debug|Any CPU.Build.0 = Debug|Any CPU
		{8FB4D776-23AA-4A51-BBFF-89B0BA297607}.Release|Any CPU.ActiveCfg = Release|Any CPU
		{8FB4D776-23AA-4A51-BBFF-89B0BA297607}.Release|Any CPU.Build.0 = Release|Any CPU
		{DD15E55C-CA04-445E-A58E-856EADCCB7B9}.Debug|Any CPU.ActiveCfg = Debug|Any CPU
		{DD15E55C-CA04-445E-A58E-856EADCCB7B9}.Debug|Any CPU.Build.0 = Debug|Any CPU
		{DD15E55C-CA04-445E-A58E-856EADCCB7B9}.Release|Any CPU.ActiveCfg = Release|Any CPU
		{DD15E55C-CA04-445E-A58E-856EADCCB7B9}.Release|Any CPU.Build.0 = Release|Any CPU
	EndGlobalSection
	GlobalSection(SolutionProperties) = preSolution
		HideSolutionNode = FALSE
	EndGlobalSection
	GlobalSection(ExtensibilityGlobals) = postSolution
		SolutionGuid = {42CA2A62-4332-4169-B71B-7B923467C5F2}
	EndGlobalSection
EndGlobal
